
Microsoft Visual Studio Solution File, Format Version 12.00
# Visual Studio 15
VisualStudioVersion = 15.0.28010.2046
MinimumVisualStudioVersion = 10.0.40219.1
Project("{FAE04EC0-301F-11D3-BF4B-00C04F79EFBC}") = "winForm_", "winForm_\winForm_.csproj", "{AF427215-BE3F-4544-8884-80C903751867}"
EndProject
Global
	GlobalSection(SolutionConfigurationPlatforms) = preSolution
		Debug|Any CPU = Debug|Any CPU
		Release|Any CPU = Release|Any CPU
	EndGlobalSection
	GlobalSection(ProjectConfigurationPlatforms) = postSolution
		{AF427215-BE3F-4544-8884-80C903751867}.Debug|Any CPU.ActiveCfg = Debug|Any CPU
		{AF427215-BE3F-4544-8884-80C903751867}.Debug|Any CPU.Build.0 = Debug|Any CPU
		{AF427215-BE3F-4544-8884-80C903751867}.Release|Any CPU.ActiveCfg = Release|Any CPU
		{AF427215-BE3F-4544-8884-80C903751867}.Release|Any CPU.Build.0 = Release|Any CPU
	EndGlobalSection
	GlobalSection(SolutionProperties) = preSolution
		HideSolutionNode = FALSE
	EndGlobalSection
	GlobalSection(ExtensibilityGlobals) = postSolution
		SolutionGuid = {909F8D12-B93D-45C7-B400-C8219DCB647D}
	EndGlobalSection
EndGlobal
