
Microsoft Visual Studio Solution File, Format Version 12.00
# Visual Studio 15
VisualStudioVersion = 15.0.28010.2026
MinimumVisualStudioVersion = 10.0.40219.1
Project("{9A19103F-16F7-4668-BE54-9A1E7A4F7556}") = "ConsoleApp1", "ConsoleApp1\ConsoleApp1.csproj", "{4CC24E5D-F2CA-4380-896D-1D68E4F8C80E}"
EndProject
Global
	GlobalSection(SolutionConfigurationPlatforms) = preSolution
		Debug|Any CPU = Debug|Any CPU
		Release|Any CPU = Release|Any CPU
	EndGlobalSection
	GlobalSection(ProjectConfigurationPlatforms) = postSolution
		{4CC24E5D-F2CA-4380-896D-1D68E4F8C80E}.Debug|Any CPU.ActiveCfg = Debug|Any CPU
		{4CC24E5D-F2CA-4380-896D-1D68E4F8C80E}.Debug|Any CPU.Build.0 = Debug|Any CPU
		{4CC24E5D-F2CA-4380-896D-1D68E4F8C80E}.Release|Any CPU.ActiveCfg = Release|Any CPU
		{4CC24E5D-F2CA-4380-896D-1D68E4F8C80E}.Release|Any CPU.Build.0 = Release|Any CPU
	EndGlobalSection
	GlobalSection(SolutionProperties) = preSolution
		HideSolutionNode = FALSE
	EndGlobalSection
	GlobalSection(ExtensibilityGlobals) = postSolution
		SolutionGuid = {2AFAF19A-CAC4-45DA-94A5-C11E09855679}
	EndGlobalSection
EndGlobal
