
Microsoft Visual Studio Solution File, Format Version 12.00
# Visual Studio 15
VisualStudioVersion = 15.0.28010.2046
MinimumVisualStudioVersion = 10.0.40219.1
Project("{FAE04EC0-301F-11D3-BF4B-00C04F79EFBC}") = "面向对象学习", "面向对象学习\面向对象学习.csproj", "{F84889C5-4953-4867-A864-0C593F9CCF20}"
EndProject
Global
	GlobalSection(SolutionConfigurationPlatforms) = preSolution
		Debug|Any CPU = Debug|Any CPU
		Release|Any CPU = Release|Any CPU
	EndGlobalSection
	GlobalSection(ProjectConfigurationPlatforms) = postSolution
		{F84889C5-4953-4867-A864-0C593F9CCF20}.Debug|Any CPU.ActiveCfg = Debug|Any CPU
		{F84889C5-4953-4867-A864-0C593F9CCF20}.Debug|Any CPU.Build.0 = Debug|Any CPU
		{F84889C5-4953-4867-A864-0C593F9CCF20}.Release|Any CPU.ActiveCfg = Release|Any CPU
		{F84889C5-4953-4867-A864-0C593F9CCF20}.Release|Any CPU.Build.0 = Release|Any CPU
	EndGlobalSection
	GlobalSection(SolutionProperties) = preSolution
		HideSolutionNode = FALSE
	EndGlobalSection
	GlobalSection(ExtensibilityGlobals) = postSolution
		SolutionGuid = {85512307-9DDF-4E90-8A05-B694445ECB36}
	EndGlobalSection
EndGlobal
